
Microsoft Visual Studio Solution File, Format Version 12.00
# Visual Studio Version 16
VisualStudioVersion = 16.0.37206.5
MinimumVisualStudioVersion = 10.0.40219.1
Project("{FAE04EC0-301F-11D3-BF4B-00C04F79EFBC}") = "CarInsurance", "CarInsurance\CarInsurance.csproj", "{962534DB-CEA3-43D2-AB93-092F6C8D1251}"
EndProject
Global
	GlobalSection(SolutionConfigurationPlatforms) = preSolution
		Debug|Any CPU = Debug|Any CPU
		Release|Any CPU = Release|Any CPU
	EndGlobalSection
	GlobalSection(ProjectConfigurationPlatforms) = postSolution
		{962534DB-CEA3-43D2-AB93-092F6C8D1251}.Debug|Any CPU.ActiveCfg = Debug|Any CPU
		{962534DB-CEA3-43D2-AB93-092F6C8D1251}.Debug|Any CPU.Build.0 = Debug|Any CPU
		{962534DB-CEA3-43D2-AB93-092F6C8D1251}.Release|Any CPU.ActiveCfg = Release|Any CPU
		{962534DB-CEA3-43D2-AB93-092F6C8D1251}.Release|Any CPU.Build.0 = Release|Any CPU
	EndGlobalSection
	GlobalSection(SolutionProperties) = preSolution
		HideSolutionNode = FALSE
	EndGlobalSection
	GlobalSection(ExtensibilityGlobals) = postSolution
		SolutionGuid = {0BC70457-E5CA-4A51-B94C-05C7E213DF75}
	EndGlobalSection
EndGlobal
